// !$*UTF8*$!
{
	archiveVersion = 1;
	classes = {
	};
	objectVersion = 46;
	objects = {

/* Begin PBXBuildFile section */
		DF81F8C51CF88B8B0005813F /* AppDelegate.swift in Sources */ = {isa = PBXBuildFile; fileRef = DF81F8C41CF88B8B0005813F /* AppDelegate.swift */; };
		DF81F8CA1CF88B8B0005813F /* Main.storyboard in Resources */ = {isa = PBXBuildFile; fileRef = DF81F8C81CF88B8B0005813F /* Main.storyboard */; };
		DF81F8CC1CF88B8B0005813F /* Assets.xcassets in Resources */ = {isa = PBXBuildFile; fileRef = DF81F8CB1CF88B8B0005813F /* Assets.xcassets */; };
		DF81F8CF1CF88B8B0005813F /* LaunchScreen.storyboard in Resources */ = {isa = PBXBuildFile; fileRef = DF81F8CD1CF88B8B0005813F /* LaunchScreen.storyboard */; };
		DF81F8DB1CF88BC90005813F /* Game.swift in Sources */ = {isa = PBXBuildFile; fileRef = DF81F8DA1CF88BC90005813F /* Game.swift */; };
		DF81F8DF1CF98C430005813F /* MenuViewController.swift in Sources */ = {isa = PBXBuildFile; fileRef = DF81F8DE1CF98C430005813F /* MenuViewController.swift */; };
		DF81F8E11CF98C560005813F /* GameViewController.swift in Sources */ = {isa = PBXBuildFile; fileRef = DF81F8E01CF98C560005813F /* GameViewController.swift */; };
		DF81F8E31CF99DE20005813F /* CardCollectionViewCell.swift in Sources */ = {isa = PBXBuildFile; fileRef = DF81F8E21CF99DE20005813F /* CardCollectionViewCell.swift */; };
		DFE87EA01CF9DF47001E0114 /* Extensions.swift in Sources */ = {isa = PBXBuildFile; fileRef = DFE87E9F1CF9DF47001E0114 /* Extensions.swift */; };
/* End PBXBuildFile section */

/* Begin PBXFileReference section */
		DF81F8C11CF88B8A0005813F /* MemoryGame.app */ = {isa = PBXFileReference; explicitFileType = wrapper.application; includeInIndex = 0; path = MemoryGame.app; sourceTree = BUILT_PRODUCTS_DIR; };
		DF81F8C41CF88B8B0005813F /* AppDelegate.swift */ = {isa = PBXFileReference; lastKnownFileType = sourcecode.swift; path = AppDelegate.swift; sourceTree = "<group>"; };
		DF81F8C91CF88B8B0005813F /* Base */ = {isa = PBXFileReference; lastKnownFileType = file.storyboard; name = Base; path = Base.lproj/Main.storyboard; sourceTree = "<group>"; };
		DF81F8CB1CF88B8B0005813F /* Assets.xcassets */ = {isa = PBXFileReference; lastKnownFileType = folder.assetcatalog; path = Assets.xcassets; sourceTree = "<group>"; };
		DF81F8CE1CF88B8B0005813F /* Base */ = {isa = PBXFileReference; lastKnownFileType = file.storyboard; name = Base; path = Base.lproj/LaunchScreen.storyboard; sourceTree = "<group>"; };
		DF81F8D01CF88B8B0005813F /* Info.plist */ = {isa = PBXFileReference; lastKnownFileType = text.plist.xml; path = Info.plist; sourceTree = "<group>"; };
		DF81F8DA1CF88BC90005813F /* Game.swift */ = {isa = PBXFileReference; fileEncoding = 4; lastKnownFileType = sourcecode.swift; path = Game.swift; sourceTree = "<group>"; };
		DF81F8DE1CF98C430005813F /* MenuViewController.swift */ = {isa = PBXFileReference; fileEncoding = 4; lastKnownFileType = sourcecode.swift; path = MenuViewController.swift; sourceTree = "<group>"; };
		DF81F8E01CF98C560005813F /* GameViewController.swift */ = {isa = PBXFileReference; fileEncoding = 4; lastKnownFileType = sourcecode.swift; path = GameViewController.swift; sourceTree = "<group>"; };
		DF81F8E21CF99DE20005813F /* CardCollectionViewCell.swift */ = {isa = PBXFileReference; fileEncoding = 4; lastKnownFileType = sourcecode.swift; path = CardCollectionViewCell.swift; sourceTree = "<group>"; };
		DFE87E9F1CF9DF47001E0114 /* Extensions.swift */ = {isa = PBXFileReference; fileEncoding = 4; lastKnownFileType = sourcecode.swift; path = Extensions.swift; sourceTree = "<group>"; };
/* End PBXFileReference section */

/* Begin PBXFrameworksBuildPhase section */
		DF81F8BE1CF88B8A0005813F /* Frameworks */ = {
			isa = PBXFrameworksBuildPhase;
			buildActionMask = 2147483647;
			files = (
			);
			runOnlyForDeploymentPostprocessing = 0;
		};
/* End PBXFrameworksBuildPhase section */

/* Begin PBXGroup section */
		DF81F8B81CF88B8A0005813F = {
			isa = PBXGroup;
			children = (
				DF81F8C31CF88B8B0005813F /* MemoryGame */,
				DF81F8C21CF88B8A0005813F /* Products */,
			);
			sourceTree = "<group>";
		};
		DF81F8C21CF88B8A0005813F /* Products */ = {
			isa = PBXGroup;
			children = (
				DF81F8C11CF88B8A0005813F /* MemoryGame.app */,
			);
			name = Products;
			sourceTree = "<group>";
		};
		DF81F8C31CF88B8B0005813F /* MemoryGame */ = {
			isa = PBXGroup;
			children = (
				DF81F8D81CF88B9F0005813F /* Controller */,
				DF81F8D71CF88B9A0005813F /* View */,
				DF81F8D61CF88B930005813F /* Model */,
				DF81F8D91CF88BA90005813F /* Supporting Files */,
			);
			path = MemoryGame;
			sourceTree = "<group>";
		};
		DF81F8D61CF88B930005813F /* Model */ = {
			isa = PBXGroup;
			children = (
				DF81F8DA1CF88BC90005813F /* Game.swift */,
			);
			name = Model;
			sourceTree = "<group>";
		};
		DF81F8D71CF88B9A0005813F /* View */ = {
			isa = PBXGroup;
			children = (
				DF81F8CB1CF88B8B0005813F /* Assets.xcassets */,
				DF81F8C81CF88B8B0005813F /* Main.storyboard */,
				DF81F8CD1CF88B8B0005813F /* LaunchScreen.storyboard */,
				DF81F8E21CF99DE20005813F /* CardCollectionViewCell.swift */,
			);
			name = View;
			sourceTree = "<group>";
		};
		DF81F8D81CF88B9F0005813F /* Controller */ = {
			isa = PBXGroup;
			children = (
				DF81F8DE1CF98C430005813F /* MenuViewController.swift */,
				DF81F8E01CF98C560005813F /* GameViewController.swift */,
			);
			name = Controller;
			sourceTree = "<group>";
		};
		DF81F8D91CF88BA90005813F /* Supporting Files */ = {
			isa = PBXGroup;
			children = (
				DF81F8C41CF88B8B0005813F /* AppDelegate.swift */,
				DF81F8D01CF88B8B0005813F /* Info.plist */,
				DFE87E9F1CF9DF47001E0114 /* Extensions.swift */,
			);
			name = "Supporting Files";
			sourceTree = "<group>";
		};
/* End PBXGroup section */

/* Begin PBXNativeTarget section */
		DF81F8C01CF88B8A0005813F /* MemoryGame */ = {
			isa = PBXNativeTarget;
			buildConfigurationList = DF81F8D31CF88B8B0005813F /* Build configuration list for PBXNativeTarget "MemoryGame" */;
			buildPhases = (
				DF81F8BD1CF88B8A0005813F /* Sources */,
				DF81F8BE1CF88B8A0005813F /* Frameworks */,
				DF81F8BF1CF88B8A0005813F /* Resources */,
			);
			buildRules = (
			);
			dependencies = (
			);
			name = MemoryGame;
			productName = MemoryGame;
			productReference = DF81F8C11CF88B8A0005813F /* MemoryGame.app */;
			productType = "com.apple.product-type.application";
		};
/* End PBXNativeTarget section */

/* Begin PBXProject section */
		DF81F8B91CF88B8A0005813F /* Project object */ = {
			isa = PBXProject;
			attributes = {
				LastSwiftUpdateCheck = 0730;
				LastUpgradeCheck = 0730;
				ORGANIZATIONNAME = "Juan Jose Corbalan";
				TargetAttributes = {
					DF81F8C01CF88B8A0005813F = {
						CreatedOnToolsVersion = 7.3;
					};
				};
			};
			buildConfigurationList = DF81F8BC1CF88B8A0005813F /* Build configuration list for PBXProject "MemoryGame" */;
			compatibilityVersion = "Xcode 3.2";
			developmentRegion = English;
			hasScannedForEncodings = 0;
			knownRegions = (
				en,
				Base,
			);
			mainGroup = DF81F8B81CF88B8A0005813F;
			productRefGroup = DF81F8C21CF88B8A0005813F /* Products */;
			projectDirPath = "";
			projectRoot = "";
			targets = (
				DF81F8C01CF88B8A0005813F /* MemoryGame */,
			);
		};
/* End PBXProject section */

/* Begin PBXResourcesBuildPhase section */
		DF81F8BF1CF88B8A0005813F /* Resources */ = {
			isa = PBXResourcesBuildPhase;
			buildActionMask = 2147483647;
			files = (
				DF81F8CF1CF88B8B0005813F /* LaunchScreen.storyboard in Resources */,
				DF81F8CC1CF88B8B0005813F /* Assets.xcassets in Resources */,
				DF81F8CA1CF88B8B0005813F /* Main.storyboard in Resources */,
			);
			runOnlyForDeploymentPostprocessing = 0;
		};
/* End PBXResourcesBuildPhase section */

/* Begin PBXSourcesBuildPhase section */
		DF81F8BD1CF88B8A0005813F /* Sources */ = {
			isa = PBXSourcesBuildPhase;
			buildActionMask = 2147483647;
			files = (
				DF81F8E11CF98C560005813F /* GameViewController.swift in Sources */,
				DFE87EA01CF9DF47001E0114 /* Extensions.swift in Sources */,
				DF81F8DB1CF88BC90005813F /* Game.swift in Sources */,
				DF81F8C51CF88B8B0005813F /* AppDelegate.swift in Sources */,
				DF81F8E31CF99DE20005813F /* CardCollectionViewCell.swift in Sources */,
				DF81F8DF1CF98C430005813F /* MenuViewController.swift in Sources */,
			);
			runOnlyForDeploymentPostprocessing = 0;
		};
/* End PBXSourcesBuildPhase section */

/* Begin PBXVariantGroup section */
		DF81F8C81CF88B8B0005813F /* Main.storyboard */ = {
			isa = PBXVariantGroup;
			children = (
				DF81F8C91CF88B8B0005813F /* Base */,
			);
			name = Main.storyboard;
			sourceTree = "<group>";
		};
		DF81F8CD1CF88B8B0005813F /* LaunchScreen.storyboard */ = {
			isa = PBXVariantGroup;
			children = (
				DF81F8CE1CF88B8B0005813F /* Base */,
			);
			name = LaunchScreen.storyboard;
			sourceTree = "<group>";
		};
/* End PBXVariantGroup section */

/* Begin XCBuildConfiguration section */
		DF81F8D11CF88B8B0005813F /* Debug */ = {
			isa = XCBuildConfiguration;
			buildSettings = {
				ALWAYS_SEARCH_USER_PATHS = NO;
				CLANG_ANALYZER_NONNULL = YES;
				CLANG_CXX_LANGUAGE_STANDARD = "gnu++0x";
				CLANG_CXX_LIBRARY = "libc++";
				CLANG_ENABLE_MODULES = YES;
				CLANG_ENABLE_OBJC_ARC = YES;
				CLANG_WARN_BOOL_CONVERSION = YES;
				CLANG_WARN_CONSTANT_CONVERSION = YES;
				CLANG_WARN_DIRECT_OBJC_ISA_USAGE = YES_ERROR;
				CLANG_WARN_EMPTY_BODY = YES;
				CLANG_WARN_ENUM_CONVERSION = YES;
				CLANG_WARN_INT_CONVERSION = YES;
				CLANG_WARN_OBJC_ROOT_CLASS = YES_ERROR;
				CLANG_WARN_UNREACHABLE_CODE = YES;
				CLANG_WARN__DUPLICATE_METHOD_MATCH = YES;
				"CODE_SIGN_IDENTITY[sdk=iphoneos*]" = "iPhone Developer";
				COPY_PHASE_STRIP = NO;
				DEBUG_INFORMATION_FORMAT = dwarf;
				ENABLE_STRICT_OBJC_MSGSEND = YES;
				ENABLE_TESTABILITY = YES;
				GCC_C_LANGUAGE_STANDARD = gnu99;
				GCC_DYNAMIC_NO_PIC = NO;
				GCC_NO_COMMON_BLOCKS = YES;
				GCC_OPTIMIZATION_LEVEL = 0;
				GCC_PREPROCESSOR_DEFINITIONS = (
					"DEBUG=1",
					"$(inherited)",
				);
				GCC_WARN_64_TO_32_BIT_CONVERSION = YES;
				GCC_WARN_ABOUT_RETURN_TYPE = YES_ERROR;
				GCC_WARN_UNDECLARED_SELECTOR = YES;
				GCC_WARN_UNINITIALIZED_AUTOS = YES_AGGRESSIVE;
				GCC_WARN_UNUSED_FUNCTION = YES;
				GCC_WARN_UNUSED_VARIABLE = YES;
				IPHONEOS_DEPLOYMENT_TARGET = 9.3;
				MTL_ENABLE_DEBUG_INFO = YES;
				ONLY_ACTIVE_ARCH = YES;
				SDKROOT = iphoneos;
				SWIFT_OPTIMIZATION_LEVEL = "-Onone";
				TARGETED_DEVICE_FAMILY = "1,2";
			};
			name = Debug;
		};
		DF81F8D21CF88B8B0005813F /* Release */ = {
			isa = XCBuildConfiguration;
			buildSettings = {
				ALWAYS_SEARCH_USER_PATHS = NO;
				CLANG_ANALYZER_NONNULL = YES;
				CLANG_CXX_LANGUAGE_STANDARD = "gnu++0x";
				CLANG_CXX_LIBRARY = "libc++";
				CLANG_ENABLE_MODULES = YES;
				CLANG_ENABLE_OBJC_ARC = YES;
				CLANG_WARN_BOOL_CONVERSION = YES;
				CLANG_WARN_CONSTANT_CONVERSION = YES;
				CLANG_WARN_DIRECT_OBJC_ISA_USAGE = YES_ERROR;
				CLANG_WARN_EMPTY_BODY = YES;
				CLANG_WARN_ENUM_CONVERSION = YES;
				CLANG_WARN_INT_CONVERSION = YES;
				CLANG_WARN_OBJC_ROOT_CLASS = YES_ERROR;
				CLANG_WARN_UNREACHABLE_CODE = YES;
				CLANG_WARN__DUPLICATE_METHOD_MATCH = YES;
				"CODE_SIGN_IDENTITY[sdk=iphoneos*]" = "iPhone Developer";
				COPY_PHASE_STRIP = NO;
				DEBUG_INFORMATION_FORMAT = "dwarf-with-dsym";
				ENABLE_NS_ASSERTIONS = NO;
				ENABLE_STRICT_OBJC_MSGSEND = YES;
				GCC_C_LANGUAGE_STANDARD = gnu99;
				GCC_NO_COMMON_BLOCKS = YES;
				GCC_WARN_64_TO_32_BIT_CONVERSION = YES;
				GCC_WARN_ABOUT_RETURN_TYPE = YES_ERROR;
				GCC_WARN_UNDECLARED_SELECTOR = YES;
				GCC_WARN_UNINITIALIZED_AUTOS = YES_AGGRESSIVE;
				GCC_WARN_UNUSED_FUNCTION = YES;
				GCC_WARN_UNUSED_VARIABLE = YES;
				IPHONEOS_DEPLOYMENT_TARGET = 9.3;
				MTL_ENABLE_DEBUG_INFO = NO;
				SDKROOT = iphoneos;
				TARGETED_DEVICE_FAMILY = "1,2";
				VALIDATE_PRODUCT = YES;
			};
			name = Release;
		};
		DF81F8D41CF88B8B0005813F /* Debug */ = {
			isa = XCBuildConfiguration;
			buildSettings = {
				ASSETCATALOG_COMPILER_APPICON_NAME = AppIcon;
				INFOPLIST_FILE = MemoryGame/Info.plist;
				LD_RUNPATH_SEARCH_PATHS = "$(inherited) @executable_path/Frameworks";
				PRODUCT_BUNDLE_IDENTIFIER = com.juanjocorbalan.MemoryGame;
				PRODUCT_NAME = "$(TARGET_NAME)";
				TARGETED_DEVICE_FAMILY = 1;
			};
			name = Debug;
		};
		DF81F8D51CF88B8B0005813F /* Release */ = {
			isa = XCBuildConfiguration;
			buildSettings = {
				ASSETCATALOG_COMPILER_APPICON_NAME = AppIcon;
				INFOPLIST_FILE = MemoryGame/Info.plist;
				LD_RUNPATH_SEARCH_PATHS = "$(inherited) @executable_path/Frameworks";
				PRODUCT_BUNDLE_IDENTIFIER = com.juanjocorbalan.MemoryGame;
				PRODUCT_NAME = "$(TARGET_NAME)";
				TARGETED_DEVICE_FAMILY = 1;
			};
			name = Release;
		};
/* End XCBuildConfiguration section */

/* Begin XCConfigurationList section */
		DF81F8BC1CF88B8A0005813F /* Build configuration list for PBXProject "MemoryGame" */ = {
			isa = XCConfigurationList;
			buildConfigurations = (
				DF81F8D11CF88B8B0005813F /* Debug */,
				DF81F8D21CF88B8B0005813F /* Release */,
			);
			defaultConfigurationIsVisible = 0;
			defaultConfigurationName = Release;
		};
		DF81F8D31CF88B8B0005813F /* Build configuration list for PBXNativeTarget "MemoryGame" */ = {
			isa = XCConfigurationList;
			buildConfigurations = (
				DF81F8D41CF88B8B0005813F /* Debug */,
				DF81F8D51CF88B8B0005813F /* Release */,
			);
			defaultConfigurationIsVisible = 0;
			defaultConfigurationName = Release;
		};
/* End XCConfigurationList section */
	};
	rootObject = DF81F8B91CF88B8A0005813F /* Project object */;
}
